<?xml version="1.0" encoding="utf-8"?>
<Project ToolsVersion="4.0" xmlns="http://schemas.microsoft.com/developer/msbuild/2003">
  <ItemGroup>
    <Filter Include="Fichiers sources">
      <UniqueIdentifier>{4FC737F1-C7A5-4376-A066-2A32D752A2FF}</UniqueIdentifier>
      <Extensions>cpp;c;cc;cxx;def;odl;idl;hpj;bat;asm;asmx</Extensions>
    </Filter>
    <Filter Include="Fichiers d%27en-tête">
      <UniqueIdentifier>{93995380-89BD-4b04-88EB-625FBE52EBFB}</UniqueIdentifier>
      <Extensions>h;hh;hpp;hxx;hm;inl;inc;xsd</Extensions>
    </Filter>
    <Filter Include="Fichiers de ressources">
      <UniqueIdentifier>{67DA6AB6-F800-4c08-8B7A-83BB121AAD01}</UniqueIdentifier>
      <Extensions>rc;ico;cur;bmp;dlg;rc2;rct;bin;rgs;gif;jpg;jpeg;jpe;resx;tiff;tif;png;wav;mfcribbon-ms</Extensions>
    </Filter>
    <Filter Include="Fichiers d%27en-tête\SoundAnalysis">
      <UniqueIdentifier>{f20a7e3f-e61e-4879-a743-0bd8cbfaed1b}</UniqueIdentifier>
    </Filter>
    <Filter Include="Fichiers d%27en-tête\OpenGL">
      <UniqueIdentifier>{26b3eae1-cfca-4aeb-9365-3748c59ea759}</UniqueIdentifier>
    </Filter>
    <Filter Include="Fichiers sources\OpenGL">
      <UniqueIdentifier>{d5039e66-3f3c-42a6-a967-ca17f2775a0c}</UniqueIdentifier>
    </Filter>
    <Filter Include="Fichiers d%27en-tête\Utils">
      <UniqueIdentifier>{79c24be3-5441-4290-ab03-1d6cda22b7e1}</UniqueIdentifier>
    </Filter>
    <Filter Include="Fichiers sources\Utils">
      <UniqueIdentifier>{74dab6a6-5ef7-4e5c-ab8a-41063090ab18}</UniqueIdentifier>
    </Filter>
    <Filter Include="Fichiers sources\SoundAnalysis">
      <UniqueIdentifier>{8f935d0e-d041-4a8e-bc04-a9b0260336cb}</UniqueIdentifier>
    </Filter>
    <Filter Include="Fichiers d%27en-tête\SoundAnalysis\AnalysisResult">
      <UniqueIdentifier>{d55b8e0d-71d8-499b-a6e8-0efb625f6b9a}</UniqueIdentifier>
    </Filter>
    <Filter Include="Fichiers d%27en-tête\Shader">
      <UniqueIdentifier>{148c6ada-cb21-49fb-90cf-f9dbdefdcbe3}</UniqueIdentifier>
    </Filter>
    <Filter Include="Fichiers sources\Shader">
      <UniqueIdentifier>{cd136148-f54d-43bd-b842-a743d0e2e4eb}</UniqueIdentifier>
    </Filter>
    <Filter Include="Fichiers d%27en-tête\VSUtils">
      <UniqueIdentifier>{94095049-262b-4be5-9323-95aeabd527d9}</UniqueIdentifier>
    </Filter>
  </ItemGroup>
  <ItemGroup>
    <ClCompile Include="main.cpp">
      <Filter>Fichiers sources</Filter>
    </ClCompile>
    <ClCompile Include="common\EsgiShader.cpp">
      <Filter>Fichiers sources\Shader</Filter>
    </ClCompile>
    <ClCompile Include="OpenGLRenderer.cpp">
      <Filter>Fichiers sources\OpenGL</Filter>
    </ClCompile>
    <ClCompile Include="Map.cpp">
      <Filter>Fichiers sources\OpenGL</Filter>
    </ClCompile>
    <ClCompile Include="Landmark.cpp">
      <Filter>Fichiers sources\OpenGL</Filter>
    </ClCompile>
    <ClCompile Include="Time.cpp">
      <Filter>Fichiers sources\Utils</Filter>
    </ClCompile>
    <ClCompile Include="Camera.cpp">
      <Filter>Fichiers sources\OpenGL</Filter>
    </ClCompile>
    <ClCompile Include="SoundAnalyzer.cpp">
      <Filter>Fichiers sources\SoundAnalysis</Filter>
    </ClCompile>
    <ClCompile Include="AnalyzerToolUtils.cpp">
      <Filter>Fichiers sources\SoundAnalysis</Filter>
    </ClCompile>
    <ClCompile Include="MicRecorder.cpp">
      <Filter>Fichiers sources\Utils</Filter>
    </ClCompile>
    <ClCompile Include="RefSoundLib.cpp">
      <Filter>Fichiers sources\Utils</Filter>
    </ClCompile>
    <ClCompile Include="SoundComparer.cpp">
      <Filter>Fichiers sources\SoundAnalysis</Filter>
    </ClCompile>
    <ClCompile Include="SoundSaver.cpp">
      <Filter>Fichiers sources\Utils</Filter>
    </ClCompile>
    <ClCompile Include="Analyzers.cpp">
      <Filter>Fichiers sources\SoundAnalysis</Filter>
    </ClCompile>
    <ClCompile Include="SoundFile.cpp">
      <Filter>Fichiers sources\Utils</Filter>
    </ClCompile>
  </ItemGroup>
  <ItemGroup>
    <ClInclude Include="common\EsgiShader.h">
      <Filter>Fichiers d%27en-tête\Shader</Filter>
    </ClInclude>
    <ClInclude Include="SpectrumData.h">
      <Filter>Fichiers d%27en-tête\SoundAnalysis</Filter>
    </ClInclude>
    <ClInclude Include="DrawableItem.h">
      <Filter>Fichiers d%27en-tête\OpenGL</Filter>
    </ClInclude>
    <ClInclude Include="OpenGLRenderer.h">
      <Filter>Fichiers d%27en-tête\OpenGL</Filter>
    </ClInclude>
    <ClInclude Include="Map.h">
      <Filter>Fichiers d%27en-tête\OpenGL</Filter>
    </ClInclude>
    <ClInclude Include="Landmark.h">
      <Filter>Fichiers d%27en-tête\OpenGL</Filter>
    </ClInclude>
    <ClInclude Include="Time.h">
      <Filter>Fichiers d%27en-tête\Utils</Filter>
    </ClInclude>
    <ClInclude Include="Camera.h">
      <Filter>Fichiers d%27en-tête\OpenGL</Filter>
    </ClInclude>
    <ClInclude Include="SoundAnalyzer.h">
      <Filter>Fichiers d%27en-tête\SoundAnalysis</Filter>
    </ClInclude>
    <ClInclude Include="AnalyzerToolUtils.h">
      <Filter>Fichiers d%27en-tête\SoundAnalysis</Filter>
    </ClInclude>
    <ClInclude Include="MicRecorder.h">
      <Filter>Fichiers d%27en-tête\Utils</Filter>
    </ClInclude>
    <ClInclude Include="RefSoundLib.h">
      <Filter>Fichiers d%27en-tête\Utils</Filter>
    </ClInclude>
    <ClInclude Include="SoundComparer.h">
      <Filter>Fichiers d%27en-tête\SoundAnalysis</Filter>
    </ClInclude>
    <ClInclude Include="SoundSaver.h">
      <Filter>Fichiers d%27en-tête\Utils</Filter>
    </ClInclude>
    <ClInclude Include="AnalysisResultInclude.h">
      <Filter>Fichiers d%27en-tête\SoundAnalysis\AnalysisResult</Filter>
    </ClInclude>
    <ClInclude Include="GetCumuledAmplitudePerTickResult.h">
      <Filter>Fichiers d%27en-tête\SoundAnalysis\AnalysisResult</Filter>
    </ClInclude>
    <ClInclude Include="Analyzers.h">
      <Filter>Fichiers d%27en-tête\SoundAnalysis</Filter>
    </ClInclude>
    <ClInclude Include="SoundFile.h">
      <Filter>Fichiers d%27en-tête\Utils</Filter>
    </ClInclude>
    <ClInclude Include="LinkerVS.h">
      <Filter>Fichiers d%27en-tête\VSUtils</Filter>
    </ClInclude>
  </ItemGroup>
</Project>